// !$*UTF8*$!
{
	archiveVersion = 1;
	classes = {
	};
	objectVersion = 46;
	objects = {

/* Begin PBXBuildFile section */
		EA11D1AD1F151519000F6B1B /* LanguageViewModel.swift in Sources */ = {isa = PBXBuildFile; fileRef = EA11D1AC1F151519000F6B1B /* LanguageViewModel.swift */; };
		EA11D1B01F161680000F6B1B /* Language.swift in Sources */ = {isa = PBXBuildFile; fileRef = EA11D1AF1F161680000F6B1B /* Language.swift */; };
		EA21D2511EE6B59E00184F58 /* AppDelegate.swift in Sources */ = {isa = PBXBuildFile; fileRef = EA21D2501EE6B59E00184F58 /* AppDelegate.swift */; };
		EA21D2581EE6B59E00184F58 /* Assets.xcassets in Resources */ = {isa = PBXBuildFile; fileRef = EA21D2571EE6B59E00184F58 /* Assets.xcassets */; };
		EA21D2661EE6D77200184F58 /* BaseCoordinator.swift in Sources */ = {isa = PBXBuildFile; fileRef = EA21D2651EE6D77200184F58 /* BaseCoordinator.swift */; };
		EA21D2691EE6E4E900184F58 /* MainCoordinator.swift in Sources */ = {isa = PBXBuildFile; fileRef = EA21D2681EE6E4E900184F58 /* MainCoordinator.swift */; };
		EA21D26C1EE6E5F200184F58 /* UIViewController+Extensions.swift in Sources */ = {isa = PBXBuildFile; fileRef = EA21D26B1EE6E5F200184F58 /* UIViewController+Extensions.swift */; };
		EA21D26E1EE6F96900184F58 /* UITabBarItem+Extensions.swift in Sources */ = {isa = PBXBuildFile; fileRef = EA21D26D1EE6F96900184F58 /* UITabBarItem+Extensions.swift */; };
		EA28A18B1F16287800B5184B /* UserDefaults+PersistenceService.swift in Sources */ = {isa = PBXBuildFile; fileRef = EA28A18A1F16287800B5184B /* UserDefaults+PersistenceService.swift */; };
		EA28A18D1F162B6000B5184B /* ServiceFactory.swift in Sources */ = {isa = PBXBuildFile; fileRef = EA28A18C1F162B6000B5184B /* ServiceFactory.swift */; };
		EA28A1941F17695F00B5184B /* Realm.framework in Frameworks */ = {isa = PBXBuildFile; fileRef = EA28A1921F17695F00B5184B /* Realm.framework */; };
		EA28A1951F17695F00B5184B /* Realm.framework in Embed Frameworks */ = {isa = PBXBuildFile; fileRef = EA28A1921F17695F00B5184B /* Realm.framework */; settings = {ATTRIBUTES = (CodeSignOnCopy, RemoveHeadersOnCopy, ); }; };
		EA28A1961F17695F00B5184B /* RealmSwift.framework in Frameworks */ = {isa = PBXBuildFile; fileRef = EA28A1931F17695F00B5184B /* RealmSwift.framework */; };
		EA28A1971F17695F00B5184B /* RealmSwift.framework in Embed Frameworks */ = {isa = PBXBuildFile; fileRef = EA28A1931F17695F00B5184B /* RealmSwift.framework */; settings = {ATTRIBUTES = (CodeSignOnCopy, RemoveHeadersOnCopy, ); }; };
		EA28A19A1F176AEB00B5184B /* QuizQuestion.swift in Sources */ = {isa = PBXBuildFile; fileRef = EA28A1991F176AEB00B5184B /* QuizQuestion.swift */; };
		EA7767E71EE7F5BE001323D8 /* VisionCoordinator.swift in Sources */ = {isa = PBXBuildFile; fileRef = EA7767E61EE7F5BE001323D8 /* VisionCoordinator.swift */; };
		EA7767E91EE7F940001323D8 /* BaseNavigationController.swift in Sources */ = {isa = PBXBuildFile; fileRef = EA7767E81EE7F940001323D8 /* BaseNavigationController.swift */; };
		EA7767EB1EE7F9F4001323D8 /* CameraViewController.swift in Sources */ = {isa = PBXBuildFile; fileRef = EA7767EA1EE7F9F4001323D8 /* CameraViewController.swift */; };
		EA7767EE1EE7FA2D001323D8 /* CameraViewController.storyboard in Resources */ = {isa = PBXBuildFile; fileRef = EA7767ED1EE7FA2D001323D8 /* CameraViewController.storyboard */; };
		EA7767F01EE7FC66001323D8 /* QuizCoordinator.swift in Sources */ = {isa = PBXBuildFile; fileRef = EA7767EF1EE7FC66001323D8 /* QuizCoordinator.swift */; };
		EA7767F31EE7FCA1001323D8 /* MenuViewController.swift in Sources */ = {isa = PBXBuildFile; fileRef = EA7767F21EE7FCA1001323D8 /* MenuViewController.swift */; };
		EA7767F51EE7FCB7001323D8 /* MenuViewController.storyboard in Resources */ = {isa = PBXBuildFile; fileRef = EA7767F41EE7FCB7001323D8 /* MenuViewController.storyboard */; };
		EA7767F71EE80748001323D8 /* LaunchScreen.storyboard in Resources */ = {isa = PBXBuildFile; fileRef = EA7767F61EE80748001323D8 /* LaunchScreen.storyboard */; };
		EA7767F91EE81F53001323D8 /* BaseViewController.swift in Sources */ = {isa = PBXBuildFile; fileRef = EA7767F81EE81F53001323D8 /* BaseViewController.swift */; };
		EA7767FC1EE822AB001323D8 /* Colors.swift in Sources */ = {isa = PBXBuildFile; fileRef = EA7767FB1EE822AB001323D8 /* Colors.swift */; };
		EA7767FE1EE93B51001323D8 /* Fonts.swift in Sources */ = {isa = PBXBuildFile; fileRef = EA7767FD1EE93B51001323D8 /* Fonts.swift */; };
		EA7768011EE94033001323D8 /* ImagePickerViewController.swift in Sources */ = {isa = PBXBuildFile; fileRef = EA7768001EE94033001323D8 /* ImagePickerViewController.swift */; };
		EA7768031EE94461001323D8 /* UIIMage+Extensions.swift in Sources */ = {isa = PBXBuildFile; fileRef = EA7768021EE94461001323D8 /* UIIMage+Extensions.swift */; };
		EA7768061EE946EA001323D8 /* TranslationViewController.storyboard in Resources */ = {isa = PBXBuildFile; fileRef = EA7768051EE946EA001323D8 /* TranslationViewController.storyboard */; };
		EA7768081EE946F8001323D8 /* TranslationViewController.swift in Sources */ = {isa = PBXBuildFile; fileRef = EA7768071EE946F8001323D8 /* TranslationViewController.swift */; };
		EA77680A1EE94AD3001323D8 /* CameraViewModel.swift in Sources */ = {isa = PBXBuildFile; fileRef = EA7768091EE94AD3001323D8 /* CameraViewModel.swift */; };
		EA77680C1EE94AE9001323D8 /* TranslationViewModel.swift in Sources */ = {isa = PBXBuildFile; fileRef = EA77680B1EE94AE9001323D8 /* TranslationViewModel.swift */; };
		EA9D61511EF16A7D00578DAB /* LanguageViewController.storyboard in Resources */ = {isa = PBXBuildFile; fileRef = EA9D61501EF16A7D00578DAB /* LanguageViewController.storyboard */; };
		EA9D61531EF16A9500578DAB /* LanguageViewController.swift in Sources */ = {isa = PBXBuildFile; fileRef = EA9D61521EF16A9500578DAB /* LanguageViewController.swift */; };
		EA9D61591EF16E8D00578DAB /* LanguageCell.swift in Sources */ = {isa = PBXBuildFile; fileRef = EA9D61581EF16E8D00578DAB /* LanguageCell.swift */; };
		EAA031051F18B30500C8381B /* QuizWithPicturesViewController.storyboard in Resources */ = {isa = PBXBuildFile; fileRef = EAA031041F18B30500C8381B /* QuizWithPicturesViewController.storyboard */; };
		EAA031071F18B32F00C8381B /* QuizWithPicturesViewController.swift in Sources */ = {isa = PBXBuildFile; fileRef = EAA031061F18B32F00C8381B /* QuizWithPicturesViewController.swift */; };
		EAA031091F18B33F00C8381B /* QuizWithPicturesViewModel.swift in Sources */ = {isa = PBXBuildFile; fileRef = EAA031081F18B33F00C8381B /* QuizWithPicturesViewModel.swift */; };
		EAA031111F18C3EF00C8381B /* QuizPageViewController.storyboard in Resources */ = {isa = PBXBuildFile; fileRef = EAA031101F18C3EF00C8381B /* QuizPageViewController.storyboard */; };
		EAA031131F18C40200C8381B /* QuizPageViewController.swift in Sources */ = {isa = PBXBuildFile; fileRef = EAA031121F18C40200C8381B /* QuizPageViewController.swift */; };
		EAA031151F18C42700C8381B /* QuizPageViewModel.swift in Sources */ = {isa = PBXBuildFile; fileRef = EAA031141F18C42700C8381B /* QuizPageViewModel.swift */; };
		EAA031191F1CB73D00C8381B /* MenuViewModel.swift in Sources */ = {isa = PBXBuildFile; fileRef = EAA031181F1CB73D00C8381B /* MenuViewModel.swift */; };
		EAA0311C1F1CB8B500C8381B /* QuizWithoutPicturesViewController.storyboard in Resources */ = {isa = PBXBuildFile; fileRef = EAA0311B1F1CB8B500C8381B /* QuizWithoutPicturesViewController.storyboard */; };
		EAA0311E1F1CB8CA00C8381B /* QuizWithoutPicturesViewController.swift in Sources */ = {isa = PBXBuildFile; fileRef = EAA0311D1F1CB8CA00C8381B /* QuizWithoutPicturesViewController.swift */; };
		EAA031201F1CB8D900C8381B /* QuizWithoutPicturesViewModel.swift in Sources */ = {isa = PBXBuildFile; fileRef = EAA0311F1F1CB8D900C8381B /* QuizWithoutPicturesViewModel.swift */; };
		EAA031241F1DFE8100C8381B /* UIAlertAction+Extensions.swift in Sources */ = {isa = PBXBuildFile; fileRef = EAA031231F1DFE8100C8381B /* UIAlertAction+Extensions.swift */; };
		EAEC6E341EEAE4FC00A0D76D /* LanguageTranslatorV2.framework in Frameworks */ = {isa = PBXBuildFile; fileRef = EAEC6E321EEAE4FC00A0D76D /* LanguageTranslatorV2.framework */; };
		EAEC6E351EEAE4FC00A0D76D /* VisualRecognitionV3.framework in Frameworks */ = {isa = PBXBuildFile; fileRef = EAEC6E331EEAE4FC00A0D76D /* VisualRecognitionV3.framework */; };
		EAEC6E371EEAE57300A0D76D /* RestKit.framework in Frameworks */ = {isa = PBXBuildFile; fileRef = EAEC6E361EEAE57300A0D76D /* RestKit.framework */; };
/* End PBXBuildFile section */

/* Begin PBXCopyFilesBuildPhase section */
		EA28A1981F17695F00B5184B /* Embed Frameworks */ = {
			isa = PBXCopyFilesBuildPhase;
			buildActionMask = 2147483647;
			dstPath = "";
			dstSubfolderSpec = 10;
			files = (
				EA28A1971F17695F00B5184B /* RealmSwift.framework in Embed Frameworks */,
				EA28A1951F17695F00B5184B /* Realm.framework in Embed Frameworks */,
			);
			name = "Embed Frameworks";
			runOnlyForDeploymentPostprocessing = 0;
		};
		EAEC6E2F1EEAE3DD00A0D76D /* Copy Files */ = {
			isa = PBXCopyFilesBuildPhase;
			buildActionMask = 2147483647;
			dstPath = "";
			dstSubfolderSpec = 7;
			files = (
			);
			name = "Copy Files";
			runOnlyForDeploymentPostprocessing = 0;
		};
/* End PBXCopyFilesBuildPhase section */

/* Begin PBXFileReference section */
		EA11D1AC1F151519000F6B1B /* LanguageViewModel.swift */ = {isa = PBXFileReference; fileEncoding = 4; lastKnownFileType = sourcecode.swift; path = LanguageViewModel.swift; sourceTree = "<group>"; };
		EA11D1AF1F161680000F6B1B /* Language.swift */ = {isa = PBXFileReference; fileEncoding = 4; lastKnownFileType = sourcecode.swift; path = Language.swift; sourceTree = "<group>"; };
		EA21D24D1EE6B59E00184F58 /* VisualTranslator.app */ = {isa = PBXFileReference; explicitFileType = wrapper.application; includeInIndex = 0; path = VisualTranslator.app; sourceTree = BUILT_PRODUCTS_DIR; };
		EA21D2501EE6B59E00184F58 /* AppDelegate.swift */ = {isa = PBXFileReference; lastKnownFileType = sourcecode.swift; path = AppDelegate.swift; sourceTree = "<group>"; };
		EA21D2571EE6B59E00184F58 /* Assets.xcassets */ = {isa = PBXFileReference; lastKnownFileType = folder.assetcatalog; path = Assets.xcassets; sourceTree = "<group>"; };
		EA21D25C1EE6B59E00184F58 /* Info.plist */ = {isa = PBXFileReference; lastKnownFileType = text.plist.xml; path = Info.plist; sourceTree = "<group>"; };
		EA21D2651EE6D77200184F58 /* BaseCoordinator.swift */ = {isa = PBXFileReference; fileEncoding = 4; lastKnownFileType = sourcecode.swift; path = BaseCoordinator.swift; sourceTree = "<group>"; };
		EA21D2681EE6E4E900184F58 /* MainCoordinator.swift */ = {isa = PBXFileReference; fileEncoding = 4; lastKnownFileType = sourcecode.swift; path = MainCoordinator.swift; sourceTree = "<group>"; };
		EA21D26B1EE6E5F200184F58 /* UIViewController+Extensions.swift */ = {isa = PBXFileReference; fileEncoding = 4; lastKnownFileType = sourcecode.swift; path = "UIViewController+Extensions.swift"; sourceTree = "<group>"; };
		EA21D26D1EE6F96900184F58 /* UITabBarItem+Extensions.swift */ = {isa = PBXFileReference; fileEncoding = 4; lastKnownFileType = sourcecode.swift; path = "UITabBarItem+Extensions.swift"; sourceTree = "<group>"; };
		EA28A18A1F16287800B5184B /* UserDefaults+PersistenceService.swift */ = {isa = PBXFileReference; fileEncoding = 4; lastKnownFileType = sourcecode.swift; path = "UserDefaults+PersistenceService.swift"; sourceTree = "<group>"; };
		EA28A18C1F162B6000B5184B /* ServiceFactory.swift */ = {isa = PBXFileReference; fileEncoding = 4; lastKnownFileType = sourcecode.swift; path = ServiceFactory.swift; sourceTree = "<group>"; };
		EA28A18E1F17694000B5184B /* Realm.framework */ = {isa = PBXFileReference; lastKnownFileType = wrapper.framework; name = Realm.framework; path = "../../../Downloads/realm-swift-2.8.3/ios/swift-3.1/Realm.framework"; sourceTree = "<group>"; };
		EA28A18F1F17694000B5184B /* RealmSwift.framework */ = {isa = PBXFileReference; lastKnownFileType = wrapper.framework; name = RealmSwift.framework; path = "../../../Downloads/realm-swift-2.8.3/ios/swift-3.1/RealmSwift.framework"; sourceTree = "<group>"; };
		EA28A1921F17695F00B5184B /* Realm.framework */ = {isa = PBXFileReference; lastKnownFileType = wrapper.framework; path = Realm.framework; sourceTree = "<group>"; };
		EA28A1931F17695F00B5184B /* RealmSwift.framework */ = {isa = PBXFileReference; lastKnownFileType = wrapper.framework; path = RealmSwift.framework; sourceTree = "<group>"; };
		EA28A1991F176AEB00B5184B /* QuizQuestion.swift */ = {isa = PBXFileReference; fileEncoding = 4; lastKnownFileType = sourcecode.swift; path = QuizQuestion.swift; sourceTree = "<group>"; };
		EA7767E61EE7F5BE001323D8 /* VisionCoordinator.swift */ = {isa = PBXFileReference; fileEncoding = 4; lastKnownFileType = sourcecode.swift; path = VisionCoordinator.swift; sourceTree = "<group>"; };
		EA7767E81EE7F940001323D8 /* BaseNavigationController.swift */ = {isa = PBXFileReference; fileEncoding = 4; lastKnownFileType = sourcecode.swift; path = BaseNavigationController.swift; sourceTree = "<group>"; };
		EA7767EA1EE7F9F4001323D8 /* CameraViewController.swift */ = {isa = PBXFileReference; fileEncoding = 4; lastKnownFileType = sourcecode.swift; path = CameraViewController.swift; sourceTree = "<group>"; };
		EA7767ED1EE7FA2D001323D8 /* CameraViewController.storyboard */ = {isa = PBXFileReference; fileEncoding = 4; lastKnownFileType = file.storyboard; path = CameraViewController.storyboard; sourceTree = "<group>"; };
		EA7767EF1EE7FC66001323D8 /* QuizCoordinator.swift */ = {isa = PBXFileReference; fileEncoding = 4; lastKnownFileType = sourcecode.swift; path = QuizCoordinator.swift; sourceTree = "<group>"; };
		EA7767F21EE7FCA1001323D8 /* MenuViewController.swift */ = {isa = PBXFileReference; fileEncoding = 4; lastKnownFileType = sourcecode.swift; path = MenuViewController.swift; sourceTree = "<group>"; };
		EA7767F41EE7FCB7001323D8 /* MenuViewController.storyboard */ = {isa = PBXFileReference; fileEncoding = 4; lastKnownFileType = file.storyboard; path = MenuViewController.storyboard; sourceTree = "<group>"; };
		EA7767F61EE80748001323D8 /* LaunchScreen.storyboard */ = {isa = PBXFileReference; fileEncoding = 4; lastKnownFileType = file.storyboard; path = LaunchScreen.storyboard; sourceTree = "<group>"; };
		EA7767F81EE81F53001323D8 /* BaseViewController.swift */ = {isa = PBXFileReference; fileEncoding = 4; lastKnownFileType = sourcecode.swift; path = BaseViewController.swift; sourceTree = "<group>"; };
		EA7767FB1EE822AB001323D8 /* Colors.swift */ = {isa = PBXFileReference; fileEncoding = 4; lastKnownFileType = sourcecode.swift; path = Colors.swift; sourceTree = "<group>"; };
		EA7767FD1EE93B51001323D8 /* Fonts.swift */ = {isa = PBXFileReference; fileEncoding = 4; lastKnownFileType = sourcecode.swift; path = Fonts.swift; sourceTree = "<group>"; };
		EA7768001EE94033001323D8 /* ImagePickerViewController.swift */ = {isa = PBXFileReference; fileEncoding = 4; lastKnownFileType = sourcecode.swift; path = ImagePickerViewController.swift; sourceTree = "<group>"; };
		EA7768021EE94461001323D8 /* UIIMage+Extensions.swift */ = {isa = PBXFileReference; fileEncoding = 4; lastKnownFileType = sourcecode.swift; path = "UIIMage+Extensions.swift"; sourceTree = "<group>"; };
		EA7768051EE946EA001323D8 /* TranslationViewController.storyboard */ = {isa = PBXFileReference; fileEncoding = 4; lastKnownFileType = file.storyboard; path = TranslationViewController.storyboard; sourceTree = "<group>"; };
		EA7768071EE946F8001323D8 /* TranslationViewController.swift */ = {isa = PBXFileReference; fileEncoding = 4; lastKnownFileType = sourcecode.swift; path = TranslationViewController.swift; sourceTree = "<group>"; };
		EA7768091EE94AD3001323D8 /* CameraViewModel.swift */ = {isa = PBXFileReference; fileEncoding = 4; lastKnownFileType = sourcecode.swift; path = CameraViewModel.swift; sourceTree = "<group>"; };
		EA77680B1EE94AE9001323D8 /* TranslationViewModel.swift */ = {isa = PBXFileReference; fileEncoding = 4; lastKnownFileType = sourcecode.swift; path = TranslationViewModel.swift; sourceTree = "<group>"; };
		EA9D61501EF16A7D00578DAB /* LanguageViewController.storyboard */ = {isa = PBXFileReference; fileEncoding = 4; lastKnownFileType = file.storyboard; path = LanguageViewController.storyboard; sourceTree = "<group>"; };
		EA9D61521EF16A9500578DAB /* LanguageViewController.swift */ = {isa = PBXFileReference; fileEncoding = 4; lastKnownFileType = sourcecode.swift; path = LanguageViewController.swift; sourceTree = "<group>"; };
		EA9D61581EF16E8D00578DAB /* LanguageCell.swift */ = {isa = PBXFileReference; fileEncoding = 4; lastKnownFileType = sourcecode.swift; path = LanguageCell.swift; sourceTree = "<group>"; };
		EAA031041F18B30500C8381B /* QuizWithPicturesViewController.storyboard */ = {isa = PBXFileReference; fileEncoding = 4; lastKnownFileType = file.storyboard; path = QuizWithPicturesViewController.storyboard; sourceTree = "<group>"; };
		EAA031061F18B32F00C8381B /* QuizWithPicturesViewController.swift */ = {isa = PBXFileReference; fileEncoding = 4; lastKnownFileType = sourcecode.swift; path = QuizWithPicturesViewController.swift; sourceTree = "<group>"; };
		EAA031081F18B33F00C8381B /* QuizWithPicturesViewModel.swift */ = {isa = PBXFileReference; fileEncoding = 4; lastKnownFileType = sourcecode.swift; path = QuizWithPicturesViewModel.swift; sourceTree = "<group>"; };
		EAA031101F18C3EF00C8381B /* QuizPageViewController.storyboard */ = {isa = PBXFileReference; fileEncoding = 4; lastKnownFileType = file.storyboard; path = QuizPageViewController.storyboard; sourceTree = "<group>"; };
		EAA031121F18C40200C8381B /* QuizPageViewController.swift */ = {isa = PBXFileReference; fileEncoding = 4; lastKnownFileType = sourcecode.swift; path = QuizPageViewController.swift; sourceTree = "<group>"; };
		EAA031141F18C42700C8381B /* QuizPageViewModel.swift */ = {isa = PBXFileReference; fileEncoding = 4; lastKnownFileType = sourcecode.swift; path = QuizPageViewModel.swift; sourceTree = "<group>"; };
		EAA031181F1CB73D00C8381B /* MenuViewModel.swift */ = {isa = PBXFileReference; fileEncoding = 4; lastKnownFileType = sourcecode.swift; path = MenuViewModel.swift; sourceTree = "<group>"; };
		EAA0311B1F1CB8B500C8381B /* QuizWithoutPicturesViewController.storyboard */ = {isa = PBXFileReference; fileEncoding = 4; lastKnownFileType = file.storyboard; path = QuizWithoutPicturesViewController.storyboard; sourceTree = "<group>"; };
		EAA0311D1F1CB8CA00C8381B /* QuizWithoutPicturesViewController.swift */ = {isa = PBXFileReference; fileEncoding = 4; lastKnownFileType = sourcecode.swift; path = QuizWithoutPicturesViewController.swift; sourceTree = "<group>"; };
		EAA0311F1F1CB8D900C8381B /* QuizWithoutPicturesViewModel.swift */ = {isa = PBXFileReference; fileEncoding = 4; lastKnownFileType = sourcecode.swift; path = QuizWithoutPicturesViewModel.swift; sourceTree = "<group>"; };
		EAA031231F1DFE8100C8381B /* UIAlertAction+Extensions.swift */ = {isa = PBXFileReference; fileEncoding = 4; lastKnownFileType = sourcecode.swift; path = "UIAlertAction+Extensions.swift"; sourceTree = "<group>"; };
		EAEC6E321EEAE4FC00A0D76D /* LanguageTranslatorV2.framework */ = {isa = PBXFileReference; lastKnownFileType = wrapper.framework; name = LanguageTranslatorV2.framework; path = Carthage/Build/iOS/LanguageTranslatorV2.framework; sourceTree = "<group>"; };
		EAEC6E331EEAE4FC00A0D76D /* VisualRecognitionV3.framework */ = {isa = PBXFileReference; lastKnownFileType = wrapper.framework; name = VisualRecognitionV3.framework; path = Carthage/Build/iOS/VisualRecognitionV3.framework; sourceTree = "<group>"; };
		EAEC6E361EEAE57300A0D76D /* RestKit.framework */ = {isa = PBXFileReference; lastKnownFileType = wrapper.framework; name = RestKit.framework; path = Carthage/Build/iOS/RestKit.framework; sourceTree = "<group>"; };
/* End PBXFileReference section */

/* Begin PBXFrameworksBuildPhase section */
		EA21D24A1EE6B59E00184F58 /* Frameworks */ = {
			isa = PBXFrameworksBuildPhase;
			buildActionMask = 2147483647;
			files = (
				EA28A1941F17695F00B5184B /* Realm.framework in Frameworks */,
				EA28A1961F17695F00B5184B /* RealmSwift.framework in Frameworks */,
				EAEC6E341EEAE4FC00A0D76D /* LanguageTranslatorV2.framework in Frameworks */,
				EAEC6E351EEAE4FC00A0D76D /* VisualRecognitionV3.framework in Frameworks */,
				EAEC6E371EEAE57300A0D76D /* RestKit.framework in Frameworks */,
			);
			runOnlyForDeploymentPostprocessing = 0;
		};
/* End PBXFrameworksBuildPhase section */

/* Begin PBXGroup section */
		EA11D1AE1F16166C000F6B1B /* Models */ = {
			isa = PBXGroup;
			children = (
				EA11D1AF1F161680000F6B1B /* Language.swift */,
				EA28A1991F176AEB00B5184B /* QuizQuestion.swift */,
			);
			name = Models;
			sourceTree = "<group>";
		};
		EA21D2441EE6B59E00184F58 = {
			isa = PBXGroup;
			children = (
				EA28A1921F17695F00B5184B /* Realm.framework */,
				EA28A1931F17695F00B5184B /* RealmSwift.framework */,
				EA21D24F1EE6B59E00184F58 /* VisualTranslator */,
				EA21D24E1EE6B59E00184F58 /* Products */,
				EAEC6E311EEAE4FC00A0D76D /* Frameworks */,
			);
			sourceTree = "<group>";
		};
		EA21D24E1EE6B59E00184F58 /* Products */ = {
			isa = PBXGroup;
			children = (
				EA21D24D1EE6B59E00184F58 /* VisualTranslator.app */,
			);
			name = Products;
			sourceTree = "<group>";
		};
		EA21D24F1EE6B59E00184F58 /* VisualTranslator */ = {
			isa = PBXGroup;
			children = (
				EA21D2671EE6D78F00184F58 /* Base */,
				EA21D26A1EE6E5D700184F58 /* Extensions */,
				EA21D2641EE6D73800184F58 /* UI */,
				EA11D1AE1F16166C000F6B1B /* Models */,
				EA7767FA1EE82299001323D8 /* Resources */,
				EA21D2621EE6B5CE00184F58 /* Application */,
			);
			path = VisualTranslator;
			sourceTree = "<group>";
		};
		EA21D2621EE6B5CE00184F58 /* Application */ = {
			isa = PBXGroup;
			children = (
				EA21D2501EE6B59E00184F58 /* AppDelegate.swift */,
				EA21D25C1EE6B59E00184F58 /* Info.plist */,
			);
			name = Application;
			sourceTree = "<group>";
		};
		EA21D2641EE6D73800184F58 /* UI */ = {
			isa = PBXGroup;
			children = (
				EA28A1891F16285300B5184B /* Services */,
				EA7767FF1EE94015001323D8 /* Common */,
				EA7767F61EE80748001323D8 /* LaunchScreen.storyboard */,
				EA21D2681EE6E4E900184F58 /* MainCoordinator.swift */,
				EA7767E41EE7F577001323D8 /* Vision */,
				EA7767E51EE7F58C001323D8 /* Quiz */,
			);
			name = UI;
			sourceTree = "<group>";
		};
		EA21D2671EE6D78F00184F58 /* Base */ = {
			isa = PBXGroup;
			children = (
				EA21D2651EE6D77200184F58 /* BaseCoordinator.swift */,
				EA7767E81EE7F940001323D8 /* BaseNavigationController.swift */,
				EA7767F81EE81F53001323D8 /* BaseViewController.swift */,
			);
			name = Base;
			sourceTree = "<group>";
		};
		EA21D26A1EE6E5D700184F58 /* Extensions */ = {
			isa = PBXGroup;
			children = (
				EA21D26B1EE6E5F200184F58 /* UIViewController+Extensions.swift */,
				EA21D26D1EE6F96900184F58 /* UITabBarItem+Extensions.swift */,
				EA7768021EE94461001323D8 /* UIIMage+Extensions.swift */,
				EAA031231F1DFE8100C8381B /* UIAlertAction+Extensions.swift */,
			);
			name = Extensions;
			sourceTree = "<group>";
		};
		EA28A1891F16285300B5184B /* Services */ = {
			isa = PBXGroup;
			children = (
				EA28A18A1F16287800B5184B /* UserDefaults+PersistenceService.swift */,
			);
			name = Services;
			sourceTree = "<group>";
		};
		EA7767E41EE7F577001323D8 /* Vision */ = {
			isa = PBXGroup;
			children = (
				EA7767E61EE7F5BE001323D8 /* VisionCoordinator.swift */,
				EA7768041EE946C7001323D8 /* Translation */,
				EA9D614F1EF16A5900578DAB /* Language */,
				EA7767EC1EE7FA07001323D8 /* Camera */,
			);
			name = Vision;
			sourceTree = "<group>";
		};
		EA7767E51EE7F58C001323D8 /* Quiz */ = {
			isa = PBXGroup;
			children = (
				EA7767EF1EE7FC66001323D8 /* QuizCoordinator.swift */,
				EAA0310F1F18C3C700C8381B /* QuizPager */,
				EAA031031F18B2DA00C8381B /* QuizWithPictures */,
				EAA0311A1F1CB89000C8381B /* QuizWithoutPictures */,
				EA7767F11EE7FC87001323D8 /* Menu */,
			);
			name = Quiz;
			sourceTree = "<group>";
		};
		EA7767EC1EE7FA07001323D8 /* Camera */ = {
			isa = PBXGroup;
			children = (
				EA7767ED1EE7FA2D001323D8 /* CameraViewController.storyboard */,
				EA7767EA1EE7F9F4001323D8 /* CameraViewController.swift */,
				EA7768091EE94AD3001323D8 /* CameraViewModel.swift */,
			);
			name = Camera;
			sourceTree = "<group>";
		};
		EA7767F11EE7FC87001323D8 /* Menu */ = {
			isa = PBXGroup;
			children = (
				EA7767F41EE7FCB7001323D8 /* MenuViewController.storyboard */,
				EA7767F21EE7FCA1001323D8 /* MenuViewController.swift */,
				EAA031181F1CB73D00C8381B /* MenuViewModel.swift */,
			);
			name = Menu;
			sourceTree = "<group>";
		};
		EA7767FA1EE82299001323D8 /* Resources */ = {
			isa = PBXGroup;
			children = (
				EA7767FB1EE822AB001323D8 /* Colors.swift */,
				EA7767FD1EE93B51001323D8 /* Fonts.swift */,
				EA21D2571EE6B59E00184F58 /* Assets.xcassets */,
			);
			name = Resources;
			sourceTree = "<group>";
		};
		EA7767FF1EE94015001323D8 /* Common */ = {
			isa = PBXGroup;
			children = (
				EA7768001EE94033001323D8 /* ImagePickerViewController.swift */,
				EA28A18C1F162B6000B5184B /* ServiceFactory.swift */,
			);
			name = Common;
			sourceTree = "<group>";
		};
		EA7768041EE946C7001323D8 /* Translation */ = {
			isa = PBXGroup;
			children = (
				EA7768051EE946EA001323D8 /* TranslationViewController.storyboard */,
				EA7768071EE946F8001323D8 /* TranslationViewController.swift */,
				EA77680B1EE94AE9001323D8 /* TranslationViewModel.swift */,
			);
			name = Translation;
			sourceTree = "<group>";
		};
		EA9D614F1EF16A5900578DAB /* Language */ = {
			isa = PBXGroup;
			children = (
				EA9D61501EF16A7D00578DAB /* LanguageViewController.storyboard */,
				EA9D61521EF16A9500578DAB /* LanguageViewController.swift */,
				EA11D1AC1F151519000F6B1B /* LanguageViewModel.swift */,
				EA9D61581EF16E8D00578DAB /* LanguageCell.swift */,
			);
			name = Language;
			sourceTree = "<group>";
		};
		EAA031031F18B2DA00C8381B /* QuizWithPictures */ = {
			isa = PBXGroup;
			children = (
				EAA031041F18B30500C8381B /* QuizWithPicturesViewController.storyboard */,
				EAA031061F18B32F00C8381B /* QuizWithPicturesViewController.swift */,
				EAA031081F18B33F00C8381B /* QuizWithPicturesViewModel.swift */,
			);
			name = QuizWithPictures;
			sourceTree = "<group>";
		};
		EAA0310F1F18C3C700C8381B /* QuizPager */ = {
			isa = PBXGroup;
			children = (
				EAA031101F18C3EF00C8381B /* QuizPageViewController.storyboard */,
				EAA031121F18C40200C8381B /* QuizPageViewController.swift */,
				EAA031141F18C42700C8381B /* QuizPageViewModel.swift */,
			);
			name = QuizPager;
			sourceTree = "<group>";
		};
		EAA0311A1F1CB89000C8381B /* QuizWithoutPictures */ = {
			isa = PBXGroup;
			children = (
				EAA0311B1F1CB8B500C8381B /* QuizWithoutPicturesViewController.storyboard */,
				EAA0311D1F1CB8CA00C8381B /* QuizWithoutPicturesViewController.swift */,
				EAA0311F1F1CB8D900C8381B /* QuizWithoutPicturesViewModel.swift */,
			);
			name = QuizWithoutPictures;
			sourceTree = "<group>";
		};
		EAEC6E311EEAE4FC00A0D76D /* Frameworks */ = {
			isa = PBXGroup;
			children = (
				EA28A18E1F17694000B5184B /* Realm.framework */,
				EA28A18F1F17694000B5184B /* RealmSwift.framework */,
				EAEC6E361EEAE57300A0D76D /* RestKit.framework */,
				EAEC6E321EEAE4FC00A0D76D /* LanguageTranslatorV2.framework */,
				EAEC6E331EEAE4FC00A0D76D /* VisualRecognitionV3.framework */,
			);
			name = Frameworks;
			sourceTree = "<group>";
		};
/* End PBXGroup section */

/* Begin PBXNativeTarget section */
		EA21D24C1EE6B59E00184F58 /* VisualTranslator */ = {
			isa = PBXNativeTarget;
			buildConfigurationList = EA21D25F1EE6B59E00184F58 /* Build configuration list for PBXNativeTarget "VisualTranslator" */;
			buildPhases = (
				EA21D2491EE6B59E00184F58 /* Sources */,
				EA21D24A1EE6B59E00184F58 /* Frameworks */,
				EA21D24B1EE6B59E00184F58 /* Resources */,
				EAEC6E2F1EEAE3DD00A0D76D /* Copy Files */,
				EAEC6E301EEAE47A00A0D76D /* ShellScript */,
				EA28A1981F17695F00B5184B /* Embed Frameworks */,
			);
			buildRules = (
			);
			dependencies = (
			);
			name = VisualTranslator;
			productName = VisualTranslator;
			productReference = EA21D24D1EE6B59E00184F58 /* VisualTranslator.app */;
			productType = "com.apple.product-type.application";
		};
/* End PBXNativeTarget section */

/* Begin PBXProject section */
		EA21D2451EE6B59E00184F58 /* Project object */ = {
			isa = PBXProject;
			attributes = {
				LastSwiftUpdateCheck = 0830;
				LastUpgradeCheck = 0830;
				ORGANIZATIONNAME = "Marin Rados";
				TargetAttributes = {
					EA21D24C1EE6B59E00184F58 = {
						CreatedOnToolsVersion = 8.3.2;
						DevelopmentTeam = R9K68WP8ET;
						ProvisioningStyle = Automatic;
					};
				};
			};
			buildConfigurationList = EA21D2481EE6B59E00184F58 /* Build configuration list for PBXProject "VisualTranslator" */;
			compatibilityVersion = "Xcode 3.2";
			developmentRegion = English;
			hasScannedForEncodings = 0;
			knownRegions = (
				en,
				Base,
			);
			mainGroup = EA21D2441EE6B59E00184F58;
			productRefGroup = EA21D24E1EE6B59E00184F58 /* Products */;
			projectDirPath = "";
			projectRoot = "";
			targets = (
				EA21D24C1EE6B59E00184F58 /* VisualTranslator */,
			);
		};
/* End PBXProject section */

/* Begin PBXResourcesBuildPhase section */
		EA21D24B1EE6B59E00184F58 /* Resources */ = {
			isa = PBXResourcesBuildPhase;
			buildActionMask = 2147483647;
			files = (
				EA7767EE1EE7FA2D001323D8 /* CameraViewController.storyboard in Resources */,
				EA7767F71EE80748001323D8 /* LaunchScreen.storyboard in Resources */,
				EAA0311C1F1CB8B500C8381B /* QuizWithoutPicturesViewController.storyboard in Resources */,
				EA7768061EE946EA001323D8 /* TranslationViewController.storyboard in Resources */,
				EA21D2581EE6B59E00184F58 /* Assets.xcassets in Resources */,
				EA7767F51EE7FCB7001323D8 /* MenuViewController.storyboard in Resources */,
				EAA031051F18B30500C8381B /* QuizWithPicturesViewController.storyboard in Resources */,
				EA9D61511EF16A7D00578DAB /* LanguageViewController.storyboard in Resources */,
				EAA031111F18C3EF00C8381B /* QuizPageViewController.storyboard in Resources */,
			);
			runOnlyForDeploymentPostprocessing = 0;
		};
/* End PBXResourcesBuildPhase section */

/* Begin PBXShellScriptBuildPhase section */
		EAEC6E301EEAE47A00A0D76D /* ShellScript */ = {
			isa = PBXShellScriptBuildPhase;
			buildActionMask = 2147483647;
			files = (
			);
			inputPaths = (
				"$(SRCROOT)/Carthage/Build/iOS/VisualRecognitionV3.framework",
				"$(SRCROOT)/Carthage/Build/iOS/LanguageTranslatorV2.framework",
				"$(SRCROOT)/Carthage/Build/iOS/RestKit.framework",
			);
			outputPaths = (
			);
			runOnlyForDeploymentPostprocessing = 0;
			shellPath = /bin/sh;
			shellScript = "/usr/local/bin/carthage copy-frameworks\n";
		};
/* End PBXShellScriptBuildPhase section */

/* Begin PBXSourcesBuildPhase section */
		EA21D2491EE6B59E00184F58 /* Sources */ = {
			isa = PBXSourcesBuildPhase;
			buildActionMask = 2147483647;
			files = (
				EA7767E71EE7F5BE001323D8 /* VisionCoordinator.swift in Sources */,
				EA7767FC1EE822AB001323D8 /* Colors.swift in Sources */,
				EA7767FE1EE93B51001323D8 /* Fonts.swift in Sources */,
				EAA031191F1CB73D00C8381B /* MenuViewModel.swift in Sources */,
				EA7767F31EE7FCA1001323D8 /* MenuViewController.swift in Sources */,
				EA7767F91EE81F53001323D8 /* BaseViewController.swift in Sources */,
				EA7767E91EE7F940001323D8 /* BaseNavigationController.swift in Sources */,
				EA7768011EE94033001323D8 /* ImagePickerViewController.swift in Sources */,
				EAA031241F1DFE8100C8381B /* UIAlertAction+Extensions.swift in Sources */,
				EA21D26C1EE6E5F200184F58 /* UIViewController+Extensions.swift in Sources */,
				EAA031201F1CB8D900C8381B /* QuizWithoutPicturesViewModel.swift in Sources */,
				EA28A18D1F162B6000B5184B /* ServiceFactory.swift in Sources */,
				EA77680C1EE94AE9001323D8 /* TranslationViewModel.swift in Sources */,
				EA7768081EE946F8001323D8 /* TranslationViewController.swift in Sources */,
				EA21D26E1EE6F96900184F58 /* UITabBarItem+Extensions.swift in Sources */,
				EA21D2511EE6B59E00184F58 /* AppDelegate.swift in Sources */,
				EA7767EB1EE7F9F4001323D8 /* CameraViewController.swift in Sources */,
				EAA0311E1F1CB8CA00C8381B /* QuizWithoutPicturesViewController.swift in Sources */,
				EA9D61591EF16E8D00578DAB /* LanguageCell.swift in Sources */,
				EA28A18B1F16287800B5184B /* UserDefaults+PersistenceService.swift in Sources */,
				EAA031071F18B32F00C8381B /* QuizWithPicturesViewController.swift in Sources */,
				EA21D2691EE6E4E900184F58 /* MainCoordinator.swift in Sources */,
				EA7767F01EE7FC66001323D8 /* QuizCoordinator.swift in Sources */,
				EA11D1AD1F151519000F6B1B /* LanguageViewModel.swift in Sources */,
				EAA031131F18C40200C8381B /* QuizPageViewController.swift in Sources */,
				EAA031091F18B33F00C8381B /* QuizWithPicturesViewModel.swift in Sources */,
				EA21D2661EE6D77200184F58 /* BaseCoordinator.swift in Sources */,
				EA77680A1EE94AD3001323D8 /* CameraViewModel.swift in Sources */,
				EAA031151F18C42700C8381B /* QuizPageViewModel.swift in Sources */,
				EA9D61531EF16A9500578DAB /* LanguageViewController.swift in Sources */,
				EA7768031EE94461001323D8 /* UIIMage+Extensions.swift in Sources */,
				EA11D1B01F161680000F6B1B /* Language.swift in Sources */,
				EA28A19A1F176AEB00B5184B /* QuizQuestion.swift in Sources */,
			);
			runOnlyForDeploymentPostprocessing = 0;
		};
/* End PBXSourcesBuildPhase section */

/* Begin XCBuildConfiguration section */
		EA21D25D1EE6B59E00184F58 /* Debug */ = {
			isa = XCBuildConfiguration;
			buildSettings = {
				ALWAYS_SEARCH_USER_PATHS = NO;
				CLANG_ANALYZER_NONNULL = YES;
				CLANG_ANALYZER_NUMBER_OBJECT_CONVERSION = YES_AGGRESSIVE;
				CLANG_CXX_LANGUAGE_STANDARD = "gnu++0x";
				CLANG_CXX_LIBRARY = "libc++";
				CLANG_ENABLE_MODULES = YES;
				CLANG_ENABLE_OBJC_ARC = YES;
				CLANG_WARN_BOOL_CONVERSION = YES;
				CLANG_WARN_CONSTANT_CONVERSION = YES;
				CLANG_WARN_DIRECT_OBJC_ISA_USAGE = YES_ERROR;
				CLANG_WARN_DOCUMENTATION_COMMENTS = YES;
				CLANG_WARN_EMPTY_BODY = YES;
				CLANG_WARN_ENUM_CONVERSION = YES;
				CLANG_WARN_INFINITE_RECURSION = YES;
				CLANG_WARN_INT_CONVERSION = YES;
				CLANG_WARN_OBJC_ROOT_CLASS = YES_ERROR;
				CLANG_WARN_SUSPICIOUS_MOVE = YES;
				CLANG_WARN_UNREACHABLE_CODE = YES;
				CLANG_WARN__DUPLICATE_METHOD_MATCH = YES;
				"CODE_SIGN_IDENTITY[sdk=iphoneos*]" = "iPhone Developer";
				COPY_PHASE_STRIP = NO;
				DEBUG_INFORMATION_FORMAT = dwarf;
				ENABLE_STRICT_OBJC_MSGSEND = YES;
				ENABLE_TESTABILITY = YES;
				GCC_C_LANGUAGE_STANDARD = gnu99;
				GCC_DYNAMIC_NO_PIC = NO;
				GCC_NO_COMMON_BLOCKS = YES;
				GCC_OPTIMIZATION_LEVEL = 0;
				GCC_PREPROCESSOR_DEFINITIONS = (
					"DEBUG=1",
					"$(inherited)",
				);
				GCC_WARN_64_TO_32_BIT_CONVERSION = YES;
				GCC_WARN_ABOUT_RETURN_TYPE = YES_ERROR;
				GCC_WARN_UNDECLARED_SELECTOR = YES;
				GCC_WARN_UNINITIALIZED_AUTOS = YES_AGGRESSIVE;
				GCC_WARN_UNUSED_FUNCTION = YES;
				GCC_WARN_UNUSED_VARIABLE = YES;
				IPHONEOS_DEPLOYMENT_TARGET = 10.3;
				MTL_ENABLE_DEBUG_INFO = YES;
				ONLY_ACTIVE_ARCH = YES;
				SDKROOT = iphoneos;
				SWIFT_ACTIVE_COMPILATION_CONDITIONS = DEBUG;
				SWIFT_OPTIMIZATION_LEVEL = "-Onone";
			};
			name = Debug;
		};
		EA21D25E1EE6B59E00184F58 /* Release */ = {
			isa = XCBuildConfiguration;
			buildSettings = {
				ALWAYS_SEARCH_USER_PATHS = NO;
				CLANG_ANALYZER_NONNULL = YES;
				CLANG_ANALYZER_NUMBER_OBJECT_CONVERSION = YES_AGGRESSIVE;
				CLANG_CXX_LANGUAGE_STANDARD = "gnu++0x";
				CLANG_CXX_LIBRARY = "libc++";
				CLANG_ENABLE_MODULES = YES;
				CLANG_ENABLE_OBJC_ARC = YES;
				CLANG_WARN_BOOL_CONVERSION = YES;
				CLANG_WARN_CONSTANT_CONVERSION = YES;
				CLANG_WARN_DIRECT_OBJC_ISA_USAGE = YES_ERROR;
				CLANG_WARN_DOCUMENTATION_COMMENTS = YES;
				CLANG_WARN_EMPTY_BODY = YES;
				CLANG_WARN_ENUM_CONVERSION = YES;
				CLANG_WARN_INFINITE_RECURSION = YES;
				CLANG_WARN_INT_CONVERSION = YES;
				CLANG_WARN_OBJC_ROOT_CLASS = YES_ERROR;
				CLANG_WARN_SUSPICIOUS_MOVE = YES;
				CLANG_WARN_UNREACHABLE_CODE = YES;
				CLANG_WARN__DUPLICATE_METHOD_MATCH = YES;
				"CODE_SIGN_IDENTITY[sdk=iphoneos*]" = "iPhone Developer";
				COPY_PHASE_STRIP = NO;
				DEBUG_INFORMATION_FORMAT = "dwarf-with-dsym";
				ENABLE_NS_ASSERTIONS = NO;
				ENABLE_STRICT_OBJC_MSGSEND = YES;
				GCC_C_LANGUAGE_STANDARD = gnu99;
				GCC_NO_COMMON_BLOCKS = YES;
				GCC_WARN_64_TO_32_BIT_CONVERSION = YES;
				GCC_WARN_ABOUT_RETURN_TYPE = YES_ERROR;
				GCC_WARN_UNDECLARED_SELECTOR = YES;
				GCC_WARN_UNINITIALIZED_AUTOS = YES_AGGRESSIVE;
				GCC_WARN_UNUSED_FUNCTION = YES;
				GCC_WARN_UNUSED_VARIABLE = YES;
				IPHONEOS_DEPLOYMENT_TARGET = 10.3;
				MTL_ENABLE_DEBUG_INFO = NO;
				SDKROOT = iphoneos;
				SWIFT_OPTIMIZATION_LEVEL = "-Owholemodule";
				VALIDATE_PRODUCT = YES;
			};
			name = Release;
		};
		EA21D2601EE6B59E00184F58 /* Debug */ = {
			isa = XCBuildConfiguration;
			buildSettings = {
				ASSETCATALOG_COMPILER_APPICON_NAME = AppIcon;
				DEVELOPMENT_TEAM = R9K68WP8ET;
				FRAMEWORK_SEARCH_PATHS = (
					"$(inherited)",
					"$(PROJECT_DIR)/Carthage/Build/iOS",
					"$(PROJECT_DIR)",
				);
				INFOPLIST_FILE = VisualTranslator/Info.plist;
				LD_RUNPATH_SEARCH_PATHS = "$(inherited) @executable_path/Frameworks";
				PRODUCT_BUNDLE_IDENTIFIER = marinrados.VisualTranslator;
				PRODUCT_NAME = "$(TARGET_NAME)";
				SWIFT_VERSION = 3.0;
			};
			name = Debug;
		};
		EA21D2611EE6B59E00184F58 /* Release */ = {
			isa = XCBuildConfiguration;
			buildSettings = {
				ASSETCATALOG_COMPILER_APPICON_NAME = AppIcon;
				DEVELOPMENT_TEAM = R9K68WP8ET;
				FRAMEWORK_SEARCH_PATHS = (
					"$(inherited)",
					"$(PROJECT_DIR)/Carthage/Build/iOS",
					"$(PROJECT_DIR)",
				);
				INFOPLIST_FILE = VisualTranslator/Info.plist;
				LD_RUNPATH_SEARCH_PATHS = "$(inherited) @executable_path/Frameworks";
				PRODUCT_BUNDLE_IDENTIFIER = marinrados.VisualTranslator;
				PRODUCT_NAME = "$(TARGET_NAME)";
				SWIFT_VERSION = 3.0;
			};
			name = Release;
		};
/* End XCBuildConfiguration section */

/* Begin XCConfigurationList section */
		EA21D2481EE6B59E00184F58 /* Build configuration list for PBXProject "VisualTranslator" */ = {
			isa = XCConfigurationList;
			buildConfigurations = (
				EA21D25D1EE6B59E00184F58 /* Debug */,
				EA21D25E1EE6B59E00184F58 /* Release */,
			);
			defaultConfigurationIsVisible = 0;
			defaultConfigurationName = Release;
		};
		EA21D25F1EE6B59E00184F58 /* Build configuration list for PBXNativeTarget "VisualTranslator" */ = {
			isa = XCConfigurationList;
			buildConfigurations = (
				EA21D2601EE6B59E00184F58 /* Debug */,
				EA21D2611EE6B59E00184F58 /* Release */,
			);
			defaultConfigurationIsVisible = 0;
			defaultConfigurationName = Release;
		};
/* End XCConfigurationList section */
	};
	rootObject = EA21D2451EE6B59E00184F58 /* Project object */;
}
